
Microsoft Visual Studio Solution File, Format Version 12.00
# Visual Studio 2012
Project("{FAE04EC0-301F-11D3-BF4B-00C04F79EFBC}") = "riskcsharp", "riskcsharp\riskcsharp.csproj", "{AD88798B-8A67-4843-8CAD-F1FB29611170}"
EndProject
Global
	GlobalSection(SolutionConfigurationPlatforms) = preSolution
		Debug|Any CPU = Debug|Any CPU
		Release|Any CPU = Release|Any CPU
	EndGlobalSection
	GlobalSection(ProjectConfigurationPlatforms) = postSolution
		{AD88798B-8A67-4843-8CAD-F1FB29611170}.Debug|Any CPU.ActiveCfg = Debug|Any CPU
		{AD88798B-8A67-4843-8CAD-F1FB29611170}.Debug|Any CPU.Build.0 = Debug|Any CPU
		{AD88798B-8A67-4843-8CAD-F1FB29611170}.Release|Any CPU.ActiveCfg = Release|Any CPU
		{AD88798B-8A67-4843-8CAD-F1FB29611170}.Release|Any CPU.Build.0 = Release|Any CPU
	EndGlobalSection
	GlobalSection(SolutionProperties) = preSolution
		HideSolutionNode = FALSE
	EndGlobalSection
EndGlobal
